
Microsoft Visual Studio Solution File, Format Version 12.00
# Visual Studio Version 16
VisualStudioVersion = 16.0.31702.278
MinimumVisualStudioVersion = 10.0.40219.1
Project("{9A19103F-16F7-4668-BE54-9A1E7A4F7556}") = "Test", "Test\Test.csproj", "{BB332FF3-F643-4F0E-B596-1A304EFBF9EB}"
EndProject
Project("{9A19103F-16F7-4668-BE54-9A1E7A4F7556}") = "Runner", "Runner\Runner.csproj", "{5883C3F6-FB5A-4161-9808-708183DBFE3E}"
EndProject
Global
	GlobalSection(SolutionConfigurationPlatforms) = preSolution
		Debug|Any CPU = Debug|Any CPU
		Release|Any CPU = Release|Any CPU
	EndGlobalSection
	GlobalSection(ProjectConfigurationPlatforms) = postSolution
		{BB332FF3-F643-4F0E-B596-1A304EFBF9EB}.Debug|Any CPU.ActiveCfg = Debug|Any CPU
		{BB332FF3-F643-4F0E-B596-1A304EFBF9EB}.Debug|Any CPU.Build.0 = Debug|Any CPU
		{BB332FF3-F643-4F0E-B596-1A304EFBF9EB}.Release|Any CPU.ActiveCfg = Release|Any CPU
		{BB332FF3-F643-4F0E-B596-1A304EFBF9EB}.Release|Any CPU.Build.0 = Release|Any CPU
		{5883C3F6-FB5A-4161-9808-708183DBFE3E}.Debug|Any CPU.ActiveCfg = Debug|Any CPU
		{5883C3F6-FB5A-4161-9808-708183DBFE3E}.Debug|Any CPU.Build.0 = Debug|Any CPU
		{5883C3F6-FB5A-4161-9808-708183DBFE3E}.Release|Any CPU.ActiveCfg = Release|Any CPU
		{5883C3F6-FB5A-4161-9808-708183DBFE3E}.Release|Any CPU.Build.0 = Release|Any CPU
	EndGlobalSection
	GlobalSection(SolutionProperties) = preSolution
		HideSolutionNode = FALSE
	EndGlobalSection
	GlobalSection(ExtensibilityGlobals) = postSolution
		SolutionGuid = {12C1A902-DCAC-4C82-8D81-D3C46CC1FFC4}
	EndGlobalSection
EndGlobal
